
Microsoft Visual Studio Solution File, Format Version 12.00
# Visual Studio 2015
Project("{FAE04EC0-301F-11D3-BF4B-00C04F79EFBC}") = "DCM Unity Project.CSharp.Plugins", "DCM Unity Project.CSharp.Plugins.csproj", "{2ABE8603-6EF3-F08A-070C-AA89A7D3D889}"
EndProject
Project("{FAE04EC0-301F-11D3-BF4B-00C04F79EFBC}") = "DCM Unity Project.CSharp", "DCM Unity Project.CSharp.csproj", "{C3414CE6-E2B4-3250-5942-DEAD9CF9263F}"
EndProject
Project("{FAE04EC0-301F-11D3-BF4B-00C04F79EFBC}") = "DCM Unity Project.CSharp.Editor", "DCM Unity Project.CSharp.Editor.csproj", "{2FD4BD98-9E0B-777C-B788-1016BE31CB4E}"
EndProject
Global
	GlobalSection(SolutionConfigurationPlatforms) = preSolution
		Debug|Any CPU = Debug|Any CPU
		Release|Any CPU = Release|Any CPU
	EndGlobalSection
	GlobalSection(ProjectConfigurationPlatforms) = postSolution
		{2ABE8603-6EF3-F08A-070C-AA89A7D3D889}.Debug|Any CPU.ActiveCfg = Debug|Any CPU
		{2ABE8603-6EF3-F08A-070C-AA89A7D3D889}.Debug|Any CPU.Build.0 = Debug|Any CPU
		{2ABE8603-6EF3-F08A-070C-AA89A7D3D889}.Release|Any CPU.ActiveCfg = Release|Any CPU
		{2ABE8603-6EF3-F08A-070C-AA89A7D3D889}.Release|Any CPU.Build.0 = Release|Any CPU
		{C3414CE6-E2B4-3250-5942-DEAD9CF9263F}.Debug|Any CPU.ActiveCfg = Debug|Any CPU
		{C3414CE6-E2B4-3250-5942-DEAD9CF9263F}.Debug|Any CPU.Build.0 = Debug|Any CPU
		{C3414CE6-E2B4-3250-5942-DEAD9CF9263F}.Release|Any CPU.ActiveCfg = Release|Any CPU
		{C3414CE6-E2B4-3250-5942-DEAD9CF9263F}.Release|Any CPU.Build.0 = Release|Any CPU
		{2FD4BD98-9E0B-777C-B788-1016BE31CB4E}.Debug|Any CPU.ActiveCfg = Debug|Any CPU
		{2FD4BD98-9E0B-777C-B788-1016BE31CB4E}.Debug|Any CPU.Build.0 = Debug|Any CPU
		{2FD4BD98-9E0B-777C-B788-1016BE31CB4E}.Release|Any CPU.ActiveCfg = Release|Any CPU
		{2FD4BD98-9E0B-777C-B788-1016BE31CB4E}.Release|Any CPU.Build.0 = Release|Any CPU
	EndGlobalSection
	GlobalSection(SolutionProperties) = preSolution
		HideSolutionNode = FALSE
	EndGlobalSection
EndGlobal
